// !$*UTF8*$!
{
	archiveVersion = 1;
	classes = {
	};
	objectVersion = 50;
	objects = {

/* Begin PBXBuildFile section */
		A3BC136126CABA170004FE82 /* Learning_AppApp.swift in Sources */ = {isa = PBXBuildFile; fileRef = A3BC136026CABA170004FE82 /* Learning_AppApp.swift */; };
		A3BC136326CABA170004FE82 /* HomeView.swift in Sources */ = {isa = PBXBuildFile; fileRef = A3BC136226CABA170004FE82 /* HomeView.swift */; };
		A3BC136526CABA190004FE82 /* Assets.xcassets in Resources */ = {isa = PBXBuildFile; fileRef = A3BC136426CABA190004FE82 /* Assets.xcassets */; };
		A3BC136826CABA190004FE82 /* Preview Assets.xcassets in Resources */ = {isa = PBXBuildFile; fileRef = A3BC136726CABA190004FE82 /* Preview Assets.xcassets */; };
		A3BC137626CABB6F0004FE82 /* data.json in Resources */ = {isa = PBXBuildFile; fileRef = A3BC137426CABB6F0004FE82 /* data.json */; };
		A3BC137726CABB6F0004FE82 /* style.html in Resources */ = {isa = PBXBuildFile; fileRef = A3BC137526CABB6F0004FE82 /* style.html */; };
		A3BC137926CABB7E0004FE82 /* Model.swift in Sources */ = {isa = PBXBuildFile; fileRef = A3BC137826CABB7E0004FE82 /* Model.swift */; };
		A3BC137B26CABD680004FE82 /* ContentModel.swift in Sources */ = {isa = PBXBuildFile; fileRef = A3BC137A26CABD680004FE82 /* ContentModel.swift */; };
		A3BC137D26D2D6410004FE82 /* HomeViewRow.swift in Sources */ = {isa = PBXBuildFile; fileRef = A3BC137C26D2D6410004FE82 /* HomeViewRow.swift */; };
		A3BC137F26D2FA1F0004FE82 /* ContentView.swift in Sources */ = {isa = PBXBuildFile; fileRef = A3BC137E26D2FA1F0004FE82 /* ContentView.swift */; };
		A3BC138126D308660004FE82 /* ContentViewRow.swift in Sources */ = {isa = PBXBuildFile; fileRef = A3BC138026D308660004FE82 /* ContentViewRow.swift */; };
		A3CF1E1226D402C70071BF24 /* ContentDetailView.swift in Sources */ = {isa = PBXBuildFile; fileRef = A3CF1E1126D402C70071BF24 /* ContentDetailView.swift */; };
		A3CF1E1526D402DA0071BF24 /* AVKit.framework in Frameworks */ = {isa = PBXBuildFile; fileRef = A3CF1E1426D402DA0071BF24 /* AVKit.framework */; };
		A3CF1E1726D4033E0071BF24 /* Constants.swift in Sources */ = {isa = PBXBuildFile; fileRef = A3CF1E1626D4033E0071BF24 /* Constants.swift */; };
		A3CF1E3726D42A4E0071BF24 /* CodeTextView.swift in Sources */ = {isa = PBXBuildFile; fileRef = A3CF1E3626D42A4E0071BF24 /* CodeTextView.swift */; };
		A3CF1E5626D4530F0071BF24 /* RectangleCard.swift in Sources */ = {isa = PBXBuildFile; fileRef = A3CF1E5526D4530F0071BF24 /* RectangleCard.swift */; };
/* End PBXBuildFile section */

/* Begin PBXFileReference section */
		A3BC135D26CABA170004FE82 /* Learning App.app */ = {isa = PBXFileReference; explicitFileType = wrapper.application; includeInIndex = 0; path = "Learning App.app"; sourceTree = BUILT_PRODUCTS_DIR; };
		A3BC136026CABA170004FE82 /* Learning_AppApp.swift */ = {isa = PBXFileReference; lastKnownFileType = sourcecode.swift; path = Learning_AppApp.swift; sourceTree = "<group>"; };
		A3BC136226CABA170004FE82 /* HomeView.swift */ = {isa = PBXFileReference; lastKnownFileType = sourcecode.swift; path = HomeView.swift; sourceTree = "<group>"; };
		A3BC136426CABA190004FE82 /* Assets.xcassets */ = {isa = PBXFileReference; lastKnownFileType = folder.assetcatalog; path = Assets.xcassets; sourceTree = "<group>"; };
		A3BC136726CABA190004FE82 /* Preview Assets.xcassets */ = {isa = PBXFileReference; lastKnownFileType = folder.assetcatalog; path = "Preview Assets.xcassets"; sourceTree = "<group>"; };
		A3BC136926CABA190004FE82 /* Info.plist */ = {isa = PBXFileReference; lastKnownFileType = text.plist.xml; path = Info.plist; sourceTree = "<group>"; };
		A3BC137426CABB6F0004FE82 /* data.json */ = {isa = PBXFileReference; fileEncoding = 4; lastKnownFileType = text.json; path = data.json; sourceTree = "<group>"; };
		A3BC137526CABB6F0004FE82 /* style.html */ = {isa = PBXFileReference; fileEncoding = 4; lastKnownFileType = text.html; path = style.html; sourceTree = "<group>"; };
		A3BC137826CABB7E0004FE82 /* Model.swift */ = {isa = PBXFileReference; lastKnownFileType = sourcecode.swift; path = Model.swift; sourceTree = "<group>"; };
		A3BC137A26CABD680004FE82 /* ContentModel.swift */ = {isa = PBXFileReference; lastKnownFileType = sourcecode.swift; path = ContentModel.swift; sourceTree = "<group>"; };
		A3BC137C26D2D6410004FE82 /* HomeViewRow.swift */ = {isa = PBXFileReference; lastKnownFileType = sourcecode.swift; path = HomeViewRow.swift; sourceTree = "<group>"; };
		A3BC137E26D2FA1F0004FE82 /* ContentView.swift */ = {isa = PBXFileReference; lastKnownFileType = sourcecode.swift; path = ContentView.swift; sourceTree = "<group>"; };
		A3BC138026D308660004FE82 /* ContentViewRow.swift */ = {isa = PBXFileReference; lastKnownFileType = sourcecode.swift; path = ContentViewRow.swift; sourceTree = "<group>"; };
		A3CF1E1126D402C70071BF24 /* ContentDetailView.swift */ = {isa = PBXFileReference; lastKnownFileType = sourcecode.swift; path = ContentDetailView.swift; sourceTree = "<group>"; };
		A3CF1E1426D402DA0071BF24 /* AVKit.framework */ = {isa = PBXFileReference; lastKnownFileType = wrapper.framework; name = AVKit.framework; path = System/Library/Frameworks/AVKit.framework; sourceTree = SDKROOT; };
		A3CF1E1626D4033E0071BF24 /* Constants.swift */ = {isa = PBXFileReference; lastKnownFileType = sourcecode.swift; path = Constants.swift; sourceTree = "<group>"; };
		A3CF1E3626D42A4E0071BF24 /* CodeTextView.swift */ = {isa = PBXFileReference; lastKnownFileType = sourcecode.swift; path = CodeTextView.swift; sourceTree = "<group>"; };
		A3CF1E5526D4530F0071BF24 /* RectangleCard.swift */ = {isa = PBXFileReference; lastKnownFileType = sourcecode.swift; path = RectangleCard.swift; sourceTree = "<group>"; };
/* End PBXFileReference section */

/* Begin PBXFrameworksBuildPhase section */
		A3BC135A26CABA170004FE82 /* Frameworks */ = {
			isa = PBXFrameworksBuildPhase;
			buildActionMask = 2147483647;
			files = (
				A3CF1E1526D402DA0071BF24 /* AVKit.framework in Frameworks */,
			);
			runOnlyForDeploymentPostprocessing = 0;
		};
/* End PBXFrameworksBuildPhase section */

/* Begin PBXGroup section */
		A3BC135426CABA170004FE82 = {
			isa = PBXGroup;
			children = (
				A3BC135F26CABA170004FE82 /* Learning App */,
				A3BC135E26CABA170004FE82 /* Products */,
				A3CF1E1326D402DA0071BF24 /* Frameworks */,
			);
			sourceTree = "<group>";
		};
		A3BC135E26CABA170004FE82 /* Products */ = {
			isa = PBXGroup;
			children = (
				A3BC135D26CABA170004FE82 /* Learning App.app */,
			);
			name = Products;
			sourceTree = "<group>";
		};
		A3BC135F26CABA170004FE82 /* Learning App */ = {
			isa = PBXGroup;
			children = (
				A3BC136026CABA170004FE82 /* Learning_AppApp.swift */,
				A3BC136F26CABA600004FE82 /* Views */,
				A3BC137026CABA640004FE82 /* ViewModels */,
				A3BC137126CABA6B0004FE82 /* Models */,
				A3BC137226CABA6F0004FE82 /* Resources */,
				A3BC137326CABA7C0004FE82 /* Helpers */,
				A3BC136426CABA190004FE82 /* Assets.xcassets */,
				A3BC136926CABA190004FE82 /* Info.plist */,
				A3BC136626CABA190004FE82 /* Preview Content */,
			);
			path = "Learning App";
			sourceTree = "<group>";
		};
		A3BC136626CABA190004FE82 /* Preview Content */ = {
			isa = PBXGroup;
			children = (
				A3BC136726CABA190004FE82 /* Preview Assets.xcassets */,
			);
			path = "Preview Content";
			sourceTree = "<group>";
		};
		A3BC136F26CABA600004FE82 /* Views */ = {
			isa = PBXGroup;
			children = (
				A3BC136226CABA170004FE82 /* HomeView.swift */,
				A3BC137E26D2FA1F0004FE82 /* ContentView.swift */,
				A3CF1E1126D402C70071BF24 /* ContentDetailView.swift */,
				A3BC137C26D2D6410004FE82 /* HomeViewRow.swift */,
				A3BC138026D308660004FE82 /* ContentViewRow.swift */,
				A3CF1E5526D4530F0071BF24 /* RectangleCard.swift */,
				A3CF1E3626D42A4E0071BF24 /* CodeTextView.swift */,
			);
			path = Views;
			sourceTree = "<group>";
		};
		A3BC137026CABA640004FE82 /* ViewModels */ = {
			isa = PBXGroup;
			children = (
				A3BC137A26CABD680004FE82 /* ContentModel.swift */,
			);
			path = ViewModels;
			sourceTree = "<group>";
		};
		A3BC137126CABA6B0004FE82 /* Models */ = {
			isa = PBXGroup;
			children = (
				A3BC137826CABB7E0004FE82 /* Model.swift */,
			);
			path = Models;
			sourceTree = "<group>";
		};
		A3BC137226CABA6F0004FE82 /* Resources */ = {
			isa = PBXGroup;
			children = (
				A3BC137426CABB6F0004FE82 /* data.json */,
				A3BC137526CABB6F0004FE82 /* style.html */,
				A3CF1E1626D4033E0071BF24 /* Constants.swift */,
			);
			path = Resources;
			sourceTree = "<group>";
		};
		A3BC137326CABA7C0004FE82 /* Helpers */ = {
			isa = PBXGroup;
			children = (
			);
			path = Helpers;
			sourceTree = "<group>";
		};
		A3CF1E1326D402DA0071BF24 /* Frameworks */ = {
			isa = PBXGroup;
			children = (
				A3CF1E1426D402DA0071BF24 /* AVKit.framework */,
			);
			name = Frameworks;
			sourceTree = "<group>";
		};
/* End PBXGroup section */

/* Begin PBXNativeTarget section */
		A3BC135C26CABA170004FE82 /* Learning App */ = {
			isa = PBXNativeTarget;
			buildConfigurationList = A3BC136C26CABA190004FE82 /* Build configuration list for PBXNativeTarget "Learning App" */;
			buildPhases = (
				A3BC135926CABA170004FE82 /* Sources */,
				A3BC135A26CABA170004FE82 /* Frameworks */,
				A3BC135B26CABA170004FE82 /* Resources */,
			);
			buildRules = (
			);
			dependencies = (
			);
			name = "Learning App";
			productName = "Learning App";
			productReference = A3BC135D26CABA170004FE82 /* Learning App.app */;
			productType = "com.apple.product-type.application";
		};
/* End PBXNativeTarget section */

/* Begin PBXProject section */
		A3BC135526CABA170004FE82 /* Project object */ = {
			isa = PBXProject;
			attributes = {
				LastSwiftUpdateCheck = 1250;
				LastUpgradeCheck = 1250;
				TargetAttributes = {
					A3BC135C26CABA170004FE82 = {
						CreatedOnToolsVersion = 12.5.1;
					};
				};
			};
			buildConfigurationList = A3BC135826CABA170004FE82 /* Build configuration list for PBXProject "Learning App" */;
			compatibilityVersion = "Xcode 9.3";
			developmentRegion = en;
			hasScannedForEncodings = 0;
			knownRegions = (
				en,
				Base,
			);
			mainGroup = A3BC135426CABA170004FE82;
			productRefGroup = A3BC135E26CABA170004FE82 /* Products */;
			projectDirPath = "";
			projectRoot = "";
			targets = (
				A3BC135C26CABA170004FE82 /* Learning App */,
			);
		};
/* End PBXProject section */

/* Begin PBXResourcesBuildPhase section */
		A3BC135B26CABA170004FE82 /* Resources */ = {
			isa = PBXResourcesBuildPhase;
			buildActionMask = 2147483647;
			files = (
				A3BC136826CABA190004FE82 /* Preview Assets.xcassets in Resources */,
				A3BC137626CABB6F0004FE82 /* data.json in Resources */,
				A3BC137726CABB6F0004FE82 /* style.html in Resources */,
				A3BC136526CABA190004FE82 /* Assets.xcassets in Resources */,
			);
			runOnlyForDeploymentPostprocessing = 0;
		};
/* End PBXResourcesBuildPhase section */

/* Begin PBXSourcesBuildPhase section */
		A3BC135926CABA170004FE82 /* Sources */ = {
			isa = PBXSourcesBuildPhase;
			buildActionMask = 2147483647;
			files = (
				A3BC137926CABB7E0004FE82 /* Model.swift in Sources */,
				A3BC137D26D2D6410004FE82 /* HomeViewRow.swift in Sources */,
				A3BC137F26D2FA1F0004FE82 /* ContentView.swift in Sources */,
				A3CF1E1226D402C70071BF24 /* ContentDetailView.swift in Sources */,
				A3BC137B26CABD680004FE82 /* ContentModel.swift in Sources */,
				A3BC138126D308660004FE82 /* ContentViewRow.swift in Sources */,
				A3CF1E3726D42A4E0071BF24 /* CodeTextView.swift in Sources */,
				A3BC136326CABA170004FE82 /* HomeView.swift in Sources */,
				A3BC136126CABA170004FE82 /* Learning_AppApp.swift in Sources */,
				A3CF1E5626D4530F0071BF24 /* RectangleCard.swift in Sources */,
				A3CF1E1726D4033E0071BF24 /* Constants.swift in Sources */,
			);
			runOnlyForDeploymentPostprocessing = 0;
		};
/* End PBXSourcesBuildPhase section */

/* Begin XCBuildConfiguration section */
		A3BC136A26CABA190004FE82 /* Debug */ = {
			isa = XCBuildConfiguration;
			buildSettings = {
				ALWAYS_SEARCH_USER_PATHS = NO;
				CLANG_ANALYZER_NONNULL = YES;
				CLANG_ANALYZER_NUMBER_OBJECT_CONVERSION = YES_AGGRESSIVE;
				CLANG_CXX_LANGUAGE_STANDARD = "gnu++14";
				CLANG_CXX_LIBRARY = "libc++";
				CLANG_ENABLE_MODULES = YES;
				CLANG_ENABLE_OBJC_ARC = YES;
				CLANG_ENABLE_OBJC_WEAK = YES;
				CLANG_WARN_BLOCK_CAPTURE_AUTORELEASING = YES;
				CLANG_WARN_BOOL_CONVERSION = YES;
				CLANG_WARN_COMMA = YES;
				CLANG_WARN_CONSTANT_CONVERSION = YES;
				CLANG_WARN_DEPRECATED_OBJC_IMPLEMENTATIONS = YES;
				CLANG_WARN_DIRECT_OBJC_ISA_USAGE = YES_ERROR;
				CLANG_WARN_DOCUMENTATION_COMMENTS = YES;
				CLANG_WARN_EMPTY_BODY = YES;
				CLANG_WARN_ENUM_CONVERSION = YES;
				CLANG_WARN_INFINITE_RECURSION = YES;
				CLANG_WARN_INT_CONVERSION = YES;
				CLANG_WARN_NON_LITERAL_NULL_CONVERSION = YES;
				CLANG_WARN_OBJC_IMPLICIT_RETAIN_SELF = YES;
				CLANG_WARN_OBJC_LITERAL_CONVERSION = YES;
				CLANG_WARN_OBJC_ROOT_CLASS = YES_ERROR;
				CLANG_WARN_QUOTED_INCLUDE_IN_FRAMEWORK_HEADER = YES;
				CLANG_WARN_RANGE_LOOP_ANALYSIS = YES;
				CLANG_WARN_STRICT_PROTOTYPES = YES;
				CLANG_WARN_SUSPICIOUS_MOVE = YES;
				CLANG_WARN_UNGUARDED_AVAILABILITY = YES_AGGRESSIVE;
				CLANG_WARN_UNREACHABLE_CODE = YES;
				CLANG_WARN__DUPLICATE_METHOD_MATCH = YES;
				COPY_PHASE_STRIP = NO;
				DEBUG_INFORMATION_FORMAT = dwarf;
				ENABLE_STRICT_OBJC_MSGSEND = YES;
				ENABLE_TESTABILITY = YES;
				GCC_C_LANGUAGE_STANDARD = gnu11;
				GCC_DYNAMIC_NO_PIC = NO;
				GCC_NO_COMMON_BLOCKS = YES;
				GCC_OPTIMIZATION_LEVEL = 0;
				GCC_PREPROCESSOR_DEFINITIONS = (
					"DEBUG=1",
					"$(inherited)",
				);
				GCC_WARN_64_TO_32_BIT_CONVERSION = YES;
				GCC_WARN_ABOUT_RETURN_TYPE = YES_ERROR;
				GCC_WARN_UNDECLARED_SELECTOR = YES;
				GCC_WARN_UNINITIALIZED_AUTOS = YES_AGGRESSIVE;
				GCC_WARN_UNUSED_FUNCTION = YES;
				GCC_WARN_UNUSED_VARIABLE = YES;
				IPHONEOS_DEPLOYMENT_TARGET = 14.5;
				MTL_ENABLE_DEBUG_INFO = INCLUDE_SOURCE;
				MTL_FAST_MATH = YES;
				ONLY_ACTIVE_ARCH = YES;
				SDKROOT = iphoneos;
				SWIFT_ACTIVE_COMPILATION_CONDITIONS = DEBUG;
				SWIFT_OPTIMIZATION_LEVEL = "-Onone";
			};
			name = Debug;
		};
		A3BC136B26CABA190004FE82 /* Release */ = {
			isa = XCBuildConfiguration;
			buildSettings = {
				ALWAYS_SEARCH_USER_PATHS = NO;
				CLANG_ANALYZER_NONNULL = YES;
				CLANG_ANALYZER_NUMBER_OBJECT_CONVERSION = YES_AGGRESSIVE;
				CLANG_CXX_LANGUAGE_STANDARD = "gnu++14";
				CLANG_CXX_LIBRARY = "libc++";
				CLANG_ENABLE_MODULES = YES;
				CLANG_ENABLE_OBJC_ARC = YES;
				CLANG_ENABLE_OBJC_WEAK = YES;
				CLANG_WARN_BLOCK_CAPTURE_AUTORELEASING = YES;
				CLANG_WARN_BOOL_CONVERSION = YES;
				CLANG_WARN_COMMA = YES;
				CLANG_WARN_CONSTANT_CONVERSION = YES;
				CLANG_WARN_DEPRECATED_OBJC_IMPLEMENTATIONS = YES;
				CLANG_WARN_DIRECT_OBJC_ISA_USAGE = YES_ERROR;
				CLANG_WARN_DOCUMENTATION_COMMENTS = YES;
				CLANG_WARN_EMPTY_BODY = YES;
				CLANG_WARN_ENUM_CONVERSION = YES;
				CLANG_WARN_INFINITE_RECURSION = YES;
				CLANG_WARN_INT_CONVERSION = YES;
				CLANG_WARN_NON_LITERAL_NULL_CONVERSION = YES;
				CLANG_WARN_OBJC_IMPLICIT_RETAIN_SELF = YES;
				CLANG_WARN_OBJC_LITERAL_CONVERSION = YES;
				CLANG_WARN_OBJC_ROOT_CLASS = YES_ERROR;
				CLANG_WARN_QUOTED_INCLUDE_IN_FRAMEWORK_HEADER = YES;
				CLANG_WARN_RANGE_LOOP_ANALYSIS = YES;
				CLANG_WARN_STRICT_PROTOTYPES = YES;
				CLANG_WARN_SUSPICIOUS_MOVE = YES;
				CLANG_WARN_UNGUARDED_AVAILABILITY = YES_AGGRESSIVE;
				CLANG_WARN_UNREACHABLE_CODE = YES;
				CLANG_WARN__DUPLICATE_METHOD_MATCH = YES;
				COPY_PHASE_STRIP = NO;
				DEBUG_INFORMATION_FORMAT = "dwarf-with-dsym";
				ENABLE_NS_ASSERTIONS = NO;
				ENABLE_STRICT_OBJC_MSGSEND = YES;
				GCC_C_LANGUAGE_STANDARD = gnu11;
				GCC_NO_COMMON_BLOCKS = YES;
				GCC_WARN_64_TO_32_BIT_CONVERSION = YES;
				GCC_WARN_ABOUT_RETURN_TYPE = YES_ERROR;
				GCC_WARN_UNDECLARED_SELECTOR = YES;
				GCC_WARN_UNINITIALIZED_AUTOS = YES_AGGRESSIVE;
				GCC_WARN_UNUSED_FUNCTION = YES;
				GCC_WARN_UNUSED_VARIABLE = YES;
				IPHONEOS_DEPLOYMENT_TARGET = 14.5;
				MTL_ENABLE_DEBUG_INFO = NO;
				MTL_FAST_MATH = YES;
				SDKROOT = iphoneos;
				SWIFT_COMPILATION_MODE = wholemodule;
				SWIFT_OPTIMIZATION_LEVEL = "-O";
				VALIDATE_PRODUCT = YES;
			};
			name = Release;
		};
		A3BC136D26CABA190004FE82 /* Debug */ = {
			isa = XCBuildConfiguration;
			buildSettings = {
				ASSETCATALOG_COMPILER_APPICON_NAME = AppIcon;
				ASSETCATALOG_COMPILER_GLOBAL_ACCENT_COLOR_NAME = AccentColor;
				CODE_SIGN_STYLE = Automatic;
				DEVELOPMENT_ASSET_PATHS = "\"Learning App/Preview Content\"";
				DEVELOPMENT_TEAM = W6RLN433C3;
				ENABLE_PREVIEWS = YES;
				INFOPLIST_FILE = "Learning App/Info.plist";
				IPHONEOS_DEPLOYMENT_TARGET = 14.0;
				LD_RUNPATH_SEARCH_PATHS = (
					"$(inherited)",
					"@executable_path/Frameworks",
				);
				PRODUCT_BUNDLE_IDENTIFIER = "com.xaviercleto.Learning-App";
				PRODUCT_NAME = "$(TARGET_NAME)";
				SWIFT_VERSION = 5.0;
				TARGETED_DEVICE_FAMILY = "1,2";
			};
			name = Debug;
		};
		A3BC136E26CABA190004FE82 /* Release */ = {
			isa = XCBuildConfiguration;
			buildSettings = {
				ASSETCATALOG_COMPILER_APPICON_NAME = AppIcon;
				ASSETCATALOG_COMPILER_GLOBAL_ACCENT_COLOR_NAME = AccentColor;
				CODE_SIGN_STYLE = Automatic;
				DEVELOPMENT_ASSET_PATHS = "\"Learning App/Preview Content\"";
				DEVELOPMENT_TEAM = W6RLN433C3;
				ENABLE_PREVIEWS = YES;
				INFOPLIST_FILE = "Learning App/Info.plist";
				IPHONEOS_DEPLOYMENT_TARGET = 14.0;
				LD_RUNPATH_SEARCH_PATHS = (
					"$(inherited)",
					"@executable_path/Frameworks",
				);
				PRODUCT_BUNDLE_IDENTIFIER = "com.xaviercleto.Learning-App";
				PRODUCT_NAME = "$(TARGET_NAME)";
				SWIFT_VERSION = 5.0;
				TARGETED_DEVICE_FAMILY = "1,2";
			};
			name = Release;
		};
/* End XCBuildConfiguration section */

/* Begin XCConfigurationList section */
		A3BC135826CABA170004FE82 /* Build configuration list for PBXProject "Learning App" */ = {
			isa = XCConfigurationList;
			buildConfigurations = (
				A3BC136A26CABA190004FE82 /* Debug */,
				A3BC136B26CABA190004FE82 /* Release */,
			);
			defaultConfigurationIsVisible = 0;
			defaultConfigurationName = Release;
		};
		A3BC136C26CABA190004FE82 /* Build configuration list for PBXNativeTarget "Learning App" */ = {
			isa = XCConfigurationList;
			buildConfigurations = (
				A3BC136D26CABA190004FE82 /* Debug */,
				A3BC136E26CABA190004FE82 /* Release */,
			);
			defaultConfigurationIsVisible = 0;
			defaultConfigurationName = Release;
		};
/* End XCConfigurationList section */
	};
	rootObject = A3BC135526CABA170004FE82 /* Project object */;
}
